
Microsoft Visual Studio Solution File, Format Version 12.00
# Visual Studio 15
VisualStudioVersion = 15.0.27703.2026
MinimumVisualStudioVersion = 10.0.40219.1
Project("{8BC9CEB8-8B4A-11D0-8D11-00A0C91BC942}") = "NeonGlow", "NeonGlow\NeonGlow.vcxproj", "{A1F0A638-5571-451A-ADFB-66574F89350D}"
EndProject
Global
	GlobalSection(SolutionConfigurationPlatforms) = preSolution
		Debug|x64 = Debug|x64
		Debug|x86 = Debug|x86
		Release|x64 = Release|x64
		Release|x86 = Release|x86
	EndGlobalSection
	GlobalSection(ProjectConfigurationPlatforms) = postSolution
		{A1F0A638-5571-451A-ADFB-66574F89350D}.Debug|x64.ActiveCfg = Debug|x64
		{A1F0A638-5571-451A-ADFB-66574F89350D}.Debug|x64.Build.0 = Debug|x64
		{A1F0A638-5571-451A-ADFB-66574F89350D}.Debug|x86.ActiveCfg = Debug|Win32
		{A1F0A638-5571-451A-ADFB-66574F89350D}.Debug|x86.Build.0 = Debug|Win32
		{A1F0A638-5571-451A-ADFB-66574F89350D}.Release|x64.ActiveCfg = Release|x64
		{A1F0A638-5571-451A-ADFB-66574F89350D}.Release|x64.Build.0 = Release|x64
		{A1F0A638-5571-451A-ADFB-66574F89350D}.Release|x86.ActiveCfg = Release|Win32
		{A1F0A638-5571-451A-ADFB-66574F89350D}.Release|x86.Build.0 = Release|Win32
	EndGlobalSection
	GlobalSection(SolutionProperties) = preSolution
		HideSolutionNode = FALSE
	EndGlobalSection
	GlobalSection(ExtensibilityGlobals) = postSolution
		SolutionGuid = {7CF71384-6BA3-41FF-BE43-124398C2FD1C}
	EndGlobalSection
EndGlobal
